
Microsoft Visual Studio Solution File, Format Version 12.00
# Visual Studio Version 16
VisualStudioVersion = 16.0.30503.244
MinimumVisualStudioVersion = 10.0.40219.1
Project("{FAE04EC0-301F-11D3-BF4B-00C04F79EFBC}") = "SuivImmo.Android", "SuivImmo\SuivImmo.Android\SuivImmo.Android.csproj", "{917A0D41-9E4F-42C1-A89F-80F19FB4ECEF}"
EndProject
Project("{FAE04EC0-301F-11D3-BF4B-00C04F79EFBC}") = "SuivImmo.iOS", "SuivImmo\SuivImmo.iOS\SuivImmo.iOS.csproj", "{F959F585-4591-4311-BADD-0A4DE14D267A}"
EndProject
Project("{FAE04EC0-301F-11D3-BF4B-00C04F79EFBC}") = "SuivImmo", "SuivImmo\SuivImmo\SuivImmo.csproj", "{3D1D0200-ED39-4A8F-9393-033D67ABA503}"
EndProject
Global
	GlobalSection(SolutionConfigurationPlatforms) = preSolution
		Debug|Any CPU = Debug|Any CPU
		Debug|iPhone = Debug|iPhone
		Debug|iPhoneSimulator = Debug|iPhoneSimulator
		Release|Any CPU = Release|Any CPU
		Release|iPhone = Release|iPhone
		Release|iPhoneSimulator = Release|iPhoneSimulator
	EndGlobalSection
	GlobalSection(ProjectConfigurationPlatforms) = postSolution
		{917A0D41-9E4F-42C1-A89F-80F19FB4ECEF}.Debug|Any CPU.ActiveCfg = Debug|Any CPU
		{917A0D41-9E4F-42C1-A89F-80F19FB4ECEF}.Debug|Any CPU.Build.0 = Debug|Any CPU
		{917A0D41-9E4F-42C1-A89F-80F19FB4ECEF}.Debug|Any CPU.Deploy.0 = Debug|Any CPU
		{917A0D41-9E4F-42C1-A89F-80F19FB4ECEF}.Debug|iPhone.ActiveCfg = Debug|Any CPU
		{917A0D41-9E4F-42C1-A89F-80F19FB4ECEF}.Debug|iPhone.Build.0 = Debug|Any CPU
		{917A0D41-9E4F-42C1-A89F-80F19FB4ECEF}.Debug|iPhone.Deploy.0 = Debug|Any CPU
		{917A0D41-9E4F-42C1-A89F-80F19FB4ECEF}.Debug|iPhoneSimulator.ActiveCfg = Debug|Any CPU
		{917A0D41-9E4F-42C1-A89F-80F19FB4ECEF}.Debug|iPhoneSimulator.Build.0 = Debug|Any CPU
		{917A0D41-9E4F-42C1-A89F-80F19FB4ECEF}.Debug|iPhoneSimulator.Deploy.0 = Debug|Any CPU
		{917A0D41-9E4F-42C1-A89F-80F19FB4ECEF}.Release|Any CPU.ActiveCfg = Release|Any CPU
		{917A0D41-9E4F-42C1-A89F-80F19FB4ECEF}.Release|Any CPU.Build.0 = Release|Any CPU
		{917A0D41-9E4F-42C1-A89F-80F19FB4ECEF}.Release|Any CPU.Deploy.0 = Release|Any CPU
		{917A0D41-9E4F-42C1-A89F-80F19FB4ECEF}.Release|iPhone.ActiveCfg = Release|Any CPU
		{917A0D41-9E4F-42C1-A89F-80F19FB4ECEF}.Release|iPhone.Build.0 = Release|Any CPU
		{917A0D41-9E4F-42C1-A89F-80F19FB4ECEF}.Release|iPhone.Deploy.0 = Release|Any CPU
		{917A0D41-9E4F-42C1-A89F-80F19FB4ECEF}.Release|iPhoneSimulator.ActiveCfg = Release|Any CPU
		{917A0D41-9E4F-42C1-A89F-80F19FB4ECEF}.Release|iPhoneSimulator.Build.0 = Release|Any CPU
		{917A0D41-9E4F-42C1-A89F-80F19FB4ECEF}.Release|iPhoneSimulator.Deploy.0 = Release|Any CPU
		{F959F585-4591-4311-BADD-0A4DE14D267A}.Debug|Any CPU.ActiveCfg = Debug|iPhone
		{F959F585-4591-4311-BADD-0A4DE14D267A}.Debug|Any CPU.Build.0 = Debug|iPhone
		{F959F585-4591-4311-BADD-0A4DE14D267A}.Debug|Any CPU.Deploy.0 = Debug|iPhone
		{F959F585-4591-4311-BADD-0A4DE14D267A}.Debug|iPhone.ActiveCfg = Debug|iPhone
		{F959F585-4591-4311-BADD-0A4DE14D267A}.Debug|iPhone.Build.0 = Debug|iPhone
		{F959F585-4591-4311-BADD-0A4DE14D267A}.Debug|iPhone.Deploy.0 = Debug|iPhone
		{F959F585-4591-4311-BADD-0A4DE14D267A}.Debug|iPhoneSimulator.ActiveCfg = Debug|iPhoneSimulator
		{F959F585-4591-4311-BADD-0A4DE14D267A}.Debug|iPhoneSimulator.Build.0 = Debug|iPhoneSimulator
		{F959F585-4591-4311-BADD-0A4DE14D267A}.Debug|iPhoneSimulator.Deploy.0 = Debug|iPhoneSimulator
		{F959F585-4591-4311-BADD-0A4DE14D267A}.Release|Any CPU.ActiveCfg = Release|iPhoneSimulator
		{F959F585-4591-4311-BADD-0A4DE14D267A}.Release|Any CPU.Build.0 = Release|iPhoneSimulator
		{F959F585-4591-4311-BADD-0A4DE14D267A}.Release|Any CPU.Deploy.0 = Release|iPhoneSimulator
		{F959F585-4591-4311-BADD-0A4DE14D267A}.Release|iPhone.ActiveCfg = Release|iPhone
		{F959F585-4591-4311-BADD-0A4DE14D267A}.Release|iPhone.Build.0 = Release|iPhone
		{F959F585-4591-4311-BADD-0A4DE14D267A}.Release|iPhone.Deploy.0 = Release|iPhone
		{F959F585-4591-4311-BADD-0A4DE14D267A}.Release|iPhoneSimulator.ActiveCfg = Release|iPhoneSimulator
		{F959F585-4591-4311-BADD-0A4DE14D267A}.Release|iPhoneSimulator.Build.0 = Release|iPhoneSimulator
		{F959F585-4591-4311-BADD-0A4DE14D267A}.Release|iPhoneSimulator.Deploy.0 = Release|iPhoneSimulator
		{3D1D0200-ED39-4A8F-9393-033D67ABA503}.Debug|Any CPU.ActiveCfg = Debug|Any CPU
		{3D1D0200-ED39-4A8F-9393-033D67ABA503}.Debug|Any CPU.Build.0 = Debug|Any CPU
		{3D1D0200-ED39-4A8F-9393-033D67ABA503}.Debug|Any CPU.Deploy.0 = Debug|Any CPU
		{3D1D0200-ED39-4A8F-9393-033D67ABA503}.Debug|iPhone.ActiveCfg = Debug|Any CPU
		{3D1D0200-ED39-4A8F-9393-033D67ABA503}.Debug|iPhone.Build.0 = Debug|Any CPU
		{3D1D0200-ED39-4A8F-9393-033D67ABA503}.Debug|iPhone.Deploy.0 = Debug|Any CPU
		{3D1D0200-ED39-4A8F-9393-033D67ABA503}.Debug|iPhoneSimulator.ActiveCfg = Debug|Any CPU
		{3D1D0200-ED39-4A8F-9393-033D67ABA503}.Debug|iPhoneSimulator.Build.0 = Debug|Any CPU
		{3D1D0200-ED39-4A8F-9393-033D67ABA503}.Debug|iPhoneSimulator.Deploy.0 = Debug|Any CPU
		{3D1D0200-ED39-4A8F-9393-033D67ABA503}.Release|Any CPU.ActiveCfg = Release|Any CPU
		{3D1D0200-ED39-4A8F-9393-033D67ABA503}.Release|Any CPU.Build.0 = Release|Any CPU
		{3D1D0200-ED39-4A8F-9393-033D67ABA503}.Release|Any CPU.Deploy.0 = Release|Any CPU
		{3D1D0200-ED39-4A8F-9393-033D67ABA503}.Release|iPhone.ActiveCfg = Release|Any CPU
		{3D1D0200-ED39-4A8F-9393-033D67ABA503}.Release|iPhone.Build.0 = Release|Any CPU
		{3D1D0200-ED39-4A8F-9393-033D67ABA503}.Release|iPhone.Deploy.0 = Release|Any CPU
		{3D1D0200-ED39-4A8F-9393-033D67ABA503}.Release|iPhoneSimulator.ActiveCfg = Release|Any CPU
		{3D1D0200-ED39-4A8F-9393-033D67ABA503}.Release|iPhoneSimulator.Build.0 = Release|Any CPU
		{3D1D0200-ED39-4A8F-9393-033D67ABA503}.Release|iPhoneSimulator.Deploy.0 = Release|Any CPU
	EndGlobalSection
	GlobalSection(SolutionProperties) = preSolution
		HideSolutionNode = FALSE
	EndGlobalSection
	GlobalSection(ExtensibilityGlobals) = postSolution
		SolutionGuid = {3B4C7D49-07BC-4067-A614-1400FE3CD629}
	EndGlobalSection
EndGlobal
